
Microsoft Visual Studio Solution File, Format Version 12.00
# Visual Studio Version 17
VisualStudioVersion = 17.14.36908.2 d17.14
MinimumVisualStudioVersion = 10.0.40219.1
Project("{FAE04EC0-301F-11D3-BF4B-00C04F79EFBC}") = "CSC240-03-03-AdmissionGUI-LDM", "CSC240-03-03-AdmissionGUI-LDM.csproj", "{62ADACA4-F09F-4907-81C7-C4C39D5D8D85}"
EndProject
Global
	GlobalSection(SolutionConfigurationPlatforms) = preSolution
		Debug|Any CPU = Debug|Any CPU
		Release|Any CPU = Release|Any CPU
	EndGlobalSection
	GlobalSection(ProjectConfigurationPlatforms) = postSolution
		{62ADACA4-F09F-4907-81C7-C4C39D5D8D85}.Debug|Any CPU.ActiveCfg = Debug|Any CPU
		{62ADACA4-F09F-4907-81C7-C4C39D5D8D85}.Debug|Any CPU.Build.0 = Debug|Any CPU
		{62ADACA4-F09F-4907-81C7-C4C39D5D8D85}.Release|Any CPU.ActiveCfg = Release|Any CPU
		{62ADACA4-F09F-4907-81C7-C4C39D5D8D85}.Release|Any CPU.Build.0 = Release|Any CPU
	EndGlobalSection
	GlobalSection(SolutionProperties) = preSolution
		HideSolutionNode = FALSE
	EndGlobalSection
	GlobalSection(ExtensibilityGlobals) = postSolution
		SolutionGuid = {FC43E673-2C90-473B-A175-0D4B9A15D14D}
	EndGlobalSection
EndGlobal
