
Microsoft Visual Studio Solution File, Format Version 12.00
# Visual Studio Version 17
VisualStudioVersion = 17.14.36930.0 d17.14
MinimumVisualStudioVersion = 10.0.40219.1
Project("{FAE04EC0-301F-11D3-BF4B-00C04F79EFBC}") = "CSC240-06-01-BedAndBreakfast-LDM", "CSC240-06-01-BedAndBreakfast-LDM.csproj", "{389D311C-1F4C-46EE-8831-38181B203248}"
EndProject
Global
	GlobalSection(SolutionConfigurationPlatforms) = preSolution
		Debug|Any CPU = Debug|Any CPU
		Release|Any CPU = Release|Any CPU
	EndGlobalSection
	GlobalSection(ProjectConfigurationPlatforms) = postSolution
		{389D311C-1F4C-46EE-8831-38181B203248}.Debug|Any CPU.ActiveCfg = Debug|Any CPU
		{389D311C-1F4C-46EE-8831-38181B203248}.Debug|Any CPU.Build.0 = Debug|Any CPU
		{389D311C-1F4C-46EE-8831-38181B203248}.Release|Any CPU.ActiveCfg = Release|Any CPU
		{389D311C-1F4C-46EE-8831-38181B203248}.Release|Any CPU.Build.0 = Release|Any CPU
	EndGlobalSection
	GlobalSection(SolutionProperties) = preSolution
		HideSolutionNode = FALSE
	EndGlobalSection
	GlobalSection(ExtensibilityGlobals) = postSolution
		SolutionGuid = {A88B1EA8-1562-4854-8FF3-DAEE668424D3}
	EndGlobalSection
EndGlobal
